
Microsoft Visual Studio Solution File, Format Version 12.00
# Visual Studio Version 17
VisualStudioVersion = 17.11.35303.130
MinimumVisualStudioVersion = 10.0.40219.1
Project("{FAE04EC0-301F-11D3-BF4B-00C04F79EFBC}") = "ALG2", "ALG2\ALG2.csproj", "{CC6031C5-730A-482D-8A3E-88D5D5DE0722}"
EndProject
Global
	GlobalSection(SolutionConfigurationPlatforms) = preSolution
		Debug|Any CPU = Debug|Any CPU
		Release|Any CPU = Release|Any CPU
	EndGlobalSection
	GlobalSection(ProjectConfigurationPlatforms) = postSolution
		{CC6031C5-730A-482D-8A3E-88D5D5DE0722}.Debug|Any CPU.ActiveCfg = Debug|Any CPU
		{CC6031C5-730A-482D-8A3E-88D5D5DE0722}.Debug|Any CPU.Build.0 = Debug|Any CPU
		{CC6031C5-730A-482D-8A3E-88D5D5DE0722}.Release|Any CPU.ActiveCfg = Release|Any CPU
		{CC6031C5-730A-482D-8A3E-88D5D5DE0722}.Release|Any CPU.Build.0 = Release|Any CPU
	EndGlobalSection
	GlobalSection(SolutionProperties) = preSolution
		HideSolutionNode = FALSE
	EndGlobalSection
	GlobalSection(ExtensibilityGlobals) = postSolution
		SolutionGuid = {8A5A88B2-2DB0-4F93-BCEA-3CF09F5EADD0}
	EndGlobalSection
EndGlobal
